{
  "projects": [
    {
      "projectId": "58GpZjZCWTaJ8AUhpCwt2K",
      "version": "3.23.0",
      "dependencies": {},
      "lang": "ts",
      "fileLocks": [
        {
          "assetId": "58GpZjZCWTaJ8AUhpCwt2K",
          "type": "projectCss",
          "checksum": "fd84921cc10936e6ceb458c2ae01c4bd"
        }
      ],
      "codegenVersion": "0.0.1"
    },
    {
      "projectId": "YUiM7yqBWAqsh8KSnrdj7",
      "version": "0.27.0",
      "dependencies": {},
      "lang": "ts",
      "fileLocks": [
        {
          "assetId": "YUiM7yqBWAqsh8KSnrdj7",
          "type": "projectCss",
          "checksum": "dac72600b04b6e6a3014e82512a15fe1"
        }
      ],
      "codegenVersion": "0.0.1"
    },
    {
      "projectId": "8PtdGodUbexNYgkuyBUcWu",
      "version": "3.22.0",
      "dependencies": {},
      "lang": "ts",
      "fileLocks": [
        {
          "assetId": "8PtdGodUbexNYgkuyBUcWu",
          "type": "projectCss",
          "checksum": "078b5be9aa4a8ea2a39b36c771c25aaa"
        },
        {
          "assetId": "8PtdGodUbexNYgkuyBUcWu",
          "checksum": "34a063f27f0b27a7d1d344bc6b5252c5",
          "type": "globalContexts"
        }
      ],
      "codegenVersion": "0.0.1"
    },
    {
      "projectId": "84wxoth5npGrp6RRXPL88z",
      "version": "4.25.0",
      "dependencies": {},
      "lang": "ts",
      "fileLocks": [
        {
          "assetId": "84wxoth5npGrp6RRXPL88z",
          "type": "projectCss",
          "checksum": "d951314833b1846f4b7c384128792976"
        },
        {
          "assetId": "84wxoth5npGrp6RRXPL88z",
          "checksum": "14e34fc8ee04382a88f671116234a1e3",
          "type": "globalContexts"
        }
      ],
      "codegenVersion": "0.0.1"
    },
    {
      "projectId": "enk3K4vZ6pmH6kVCoZJXGn",
      "version": "4.21.0",
      "dependencies": {},
      "lang": "ts",
      "fileLocks": [
        {
          "assetId": "enk3K4vZ6pmH6kVCoZJXGn",
          "type": "projectCss",
          "checksum": "46129a8140f7bf604dec903e19777f53"
        }
      ],
      "codegenVersion": "0.0.1"
    },
    {
      "projectId": "caTPwKxj5ZrD9LQ7DMdK4Z",
      "version": "3.34.0",
      "dependencies": {},
      "lang": "ts",
      "fileLocks": [
        {
          "assetId": "caTPwKxj5ZrD9LQ7DMdK4Z",
          "type": "projectCss",
          "checksum": "e1ec850476829c38b0f9b6d4f7ac446a"
        }
      ],
      "codegenVersion": "0.0.1"
    },
    {
      "projectId": "hjKYmYi6HMwK6TRyk7ew5R",
      "version": "6.37.0",
      "dependencies": {},
      "lang": "ts",
      "fileLocks": [
        {
          "assetId": "hjKYmYi6HMwK6TRyk7ew5R",
          "type": "projectCss",
          "checksum": "e76cee85e96cb3fff580d5552a47cfe4"
        },
        {
          "assetId": "hjKYmYi6HMwK6TRyk7ew5R",
          "checksum": "ce1c1c4c2068f2505d175a1b6e17d26a",
          "type": "globalContexts"
        }
      ],
      "codegenVersion": "0.0.1"
    },
    {
      "projectId": "7nJ7UcFmq9UzB6eXfC5z4a",
      "version": "0.26.0",
      "dependencies": {},
      "lang": "ts",
      "fileLocks": [
        {
          "assetId": "7nJ7UcFmq9UzB6eXfC5z4a",
          "type": "projectCss",
          "checksum": "05587b57f22f0ec8bb54543deb39762e"
        }
      ],
      "codegenVersion": "0.0.1"
    },
    {
      "projectId": "jkU633o1Cz7HrJdwdxhVHk",
      "version": "16.8.0",
      "dependencies": {},
      "lang": "ts",
      "fileLocks": [
        {
          "assetId": "jkU633o1Cz7HrJdwdxhVHk",
          "type": "projectCss",
          "checksum": "0581d4378bb1604bb5fe3f65bb0a37de"
        }
      ],
      "codegenVersion": "0.0.1"
    },
    {
      "projectId": "ohDidvG9XsCeFumugENU3J",
      "version": "6.22.0",
      "dependencies": {},
      "lang": "ts",
      "fileLocks": [
        {
          "assetId": "ohDidvG9XsCeFumugENU3J",
          "checksum": "de0a0e65174a6a185a8f822af51c6bdd",
          "type": "globalContexts"
        },
        {
          "assetId": "ohDidvG9XsCeFumugENU3J",
          "type": "projectCss",
          "checksum": "fd83b730367fdbde2c69bc6cf31c2a3c"
        }
      ],
      "codegenVersion": "0.0.1"
    },
    {
      "projectId": "e2Wrjg6Dz94BkfogsCYoEo",
      "version": "latest",
      "dependencies": {
        "ohDidvG9XsCeFumugENU3J": "6.22.0",
        "jkU633o1Cz7HrJdwdxhVHk": "16.8.0",
        "7nJ7UcFmq9UzB6eXfC5z4a": "0.26.0",
        "hjKYmYi6HMwK6TRyk7ew5R": "6.37.0",
        "caTPwKxj5ZrD9LQ7DMdK4Z": "3.34.0",
        "enk3K4vZ6pmH6kVCoZJXGn": "4.21.0",
        "84wxoth5npGrp6RRXPL88z": "4.25.0",
        "8PtdGodUbexNYgkuyBUcWu": "3.22.0",
        "YUiM7yqBWAqsh8KSnrdj7": "0.27.0",
        "58GpZjZCWTaJ8AUhpCwt2K": "3.23.0",
        "r3ASNrnyvLLLAtDvzUioQ": "4.3.0"
      },
      "lang": "ts",
      "fileLocks": [
        {
          "type": "globalVariant",
          "assetId": "eatfCTT4BrEN",
          "checksum": "f619f4c20b0fe6e8a91080cdec946484"
        },
        {
          "assetId": "e2Wrjg6Dz94BkfogsCYoEo",
          "checksum": "1fb71cc2faa36a4efa2e1071efc21ac9",
          "type": "globalContexts"
        },
        {
          "type": "renderModule",
          "assetId": "dSFGZAghdS5H",
          "checksum": "a72b88d30a67225d65a7a08c81867bee"
        },
        {
          "type": "cssRules",
          "assetId": "dSFGZAghdS5H",
          "checksum": "a72b88d30a67225d65a7a08c81867bee"
        },
        {
          "type": "renderModule",
          "assetId": "l9zB0gKjLGnY",
          "checksum": "99c2180fe0ff38cb62b261a869effd12"
        },
        {
          "type": "cssRules",
          "assetId": "l9zB0gKjLGnY",
          "checksum": "99c2180fe0ff38cb62b261a869effd12"
        },
        {
          "type": "renderModule",
          "assetId": "FJeM-IovKNGT",
          "checksum": "6d7f7ffeb46e26a0c82be0192991c6a5"
        },
        {
          "type": "cssRules",
          "assetId": "FJeM-IovKNGT",
          "checksum": "6d7f7ffeb46e26a0c82be0192991c6a5"
        },
        {
          "type": "renderModule",
          "assetId": "dBCQUhJCSZs2",
          "checksum": "bd3816ed9b646807ec1b56809be9f31a"
        },
        {
          "type": "cssRules",
          "assetId": "dBCQUhJCSZs2",
          "checksum": "bd3816ed9b646807ec1b56809be9f31a"
        },
        {
          "type": "renderModule",
          "assetId": "NZGgfRtuXhAO",
          "checksum": "6725edb2f33b2441b1e5f6f40258dda9"
        },
        {
          "type": "cssRules",
          "assetId": "NZGgfRtuXhAO",
          "checksum": "6725edb2f33b2441b1e5f6f40258dda9"
        },
        {
          "type": "renderModule",
          "assetId": "b8UA6WVbb5xL",
          "checksum": "ddea546cf95fe9a138aba375e519a19b"
        },
        {
          "type": "cssRules",
          "assetId": "b8UA6WVbb5xL",
          "checksum": "ddea546cf95fe9a138aba375e519a19b"
        },
        {
          "type": "renderModule",
          "assetId": "8hUxG6dhf1yo",
          "checksum": "cb2304bd21d36c1f0e3622db083c12cb"
        },
        {
          "type": "cssRules",
          "assetId": "8hUxG6dhf1yo",
          "checksum": "cb2304bd21d36c1f0e3622db083c12cb"
        },
        {
          "type": "renderModule",
          "assetId": "-2zftpqT-X-k",
          "checksum": "dc708e84cc3df160489d7d62af4eb8f6"
        },
        {
          "type": "cssRules",
          "assetId": "-2zftpqT-X-k",
          "checksum": "dc708e84cc3df160489d7d62af4eb8f6"
        },
        {
          "type": "renderModule",
          "assetId": "RF-Yj1fkCKhf",
          "checksum": "a004080a00f36f83bcfa5844aa201f14"
        },
        {
          "type": "cssRules",
          "assetId": "RF-Yj1fkCKhf",
          "checksum": "a004080a00f36f83bcfa5844aa201f14"
        },
        {
          "type": "renderModule",
          "assetId": "JbYIy_ldO41D",
          "checksum": "9ea81ef301d1ea7dea92da249f14caa0"
        },
        {
          "type": "cssRules",
          "assetId": "JbYIy_ldO41D",
          "checksum": "9ea81ef301d1ea7dea92da249f14caa0"
        },
        {
          "type": "renderModule",
          "assetId": "7rGOkW3yxftm",
          "checksum": "fa9ac124972cea211b9890a07483dae5"
        },
        {
          "type": "cssRules",
          "assetId": "7rGOkW3yxftm",
          "checksum": "fa9ac124972cea211b9890a07483dae5"
        },
        {
          "type": "renderModule",
          "assetId": "PXMFYnYwFhTS",
          "checksum": "1afdc849d3c536526c1d78c685523e75"
        },
        {
          "type": "cssRules",
          "assetId": "PXMFYnYwFhTS",
          "checksum": "1afdc849d3c536526c1d78c685523e75"
        },
        {
          "type": "renderModule",
          "assetId": "NOJgg_Sy_SDB",
          "checksum": "79cf37f61b78d58aae8caf2f72a33150"
        },
        {
          "type": "cssRules",
          "assetId": "NOJgg_Sy_SDB",
          "checksum": "79cf37f61b78d58aae8caf2f72a33150"
        },
        {
          "type": "renderModule",
          "assetId": "g3CxlUrNVWAd",
          "checksum": "67331b4f54218d7d26ccc6b363a35595"
        },
        {
          "type": "cssRules",
          "assetId": "g3CxlUrNVWAd",
          "checksum": "67331b4f54218d7d26ccc6b363a35595"
        },
        {
          "type": "renderModule",
          "assetId": "Rmg4dgTCPBXZ",
          "checksum": "4520aa13ae256b445084ac24329deb55"
        },
        {
          "type": "cssRules",
          "assetId": "Rmg4dgTCPBXZ",
          "checksum": "4520aa13ae256b445084ac24329deb55"
        },
        {
          "type": "renderModule",
          "assetId": "kH8bUv2Ub609",
          "checksum": "295d7f60284aef7ec910cb6fb345cd8e"
        },
        {
          "type": "cssRules",
          "assetId": "kH8bUv2Ub609",
          "checksum": "295d7f60284aef7ec910cb6fb345cd8e"
        },
        {
          "type": "renderModule",
          "assetId": "loGveCNgEVMe",
          "checksum": "d95d20c6cd862a07ccd25ee564f24951"
        },
        {
          "type": "cssRules",
          "assetId": "loGveCNgEVMe",
          "checksum": "d95d20c6cd862a07ccd25ee564f24951"
        },
        {
          "type": "renderModule",
          "assetId": "pkCQ83zE8JFd",
          "checksum": "cfcffb057b7dd040449a970fa02ab3c9"
        },
        {
          "type": "cssRules",
          "assetId": "pkCQ83zE8JFd",
          "checksum": "cfcffb057b7dd040449a970fa02ab3c9"
        },
        {
          "type": "renderModule",
          "assetId": "rJ4GUCSYNAYd",
          "checksum": "03d8205030c8db05c4e06f3871675190"
        },
        {
          "type": "cssRules",
          "assetId": "rJ4GUCSYNAYd",
          "checksum": "03d8205030c8db05c4e06f3871675190"
        },
        {
          "type": "renderModule",
          "assetId": "CDbX4Eu27EkA",
          "checksum": "e24211870340a26ae4946980743f9a7b"
        },
        {
          "type": "cssRules",
          "assetId": "CDbX4Eu27EkA",
          "checksum": "e24211870340a26ae4946980743f9a7b"
        },
        {
          "type": "renderModule",
          "assetId": "Ueq-CzAs1AdM",
          "checksum": "bde90bfa8f43401b33522a1928d8bfd5"
        },
        {
          "type": "cssRules",
          "assetId": "Ueq-CzAs1AdM",
          "checksum": "bde90bfa8f43401b33522a1928d8bfd5"
        },
        {
          "type": "renderModule",
          "assetId": "Cv5byG579BNA",
          "checksum": "3e0fb4ffb75ea7c83b905025509cbf03"
        },
        {
          "type": "cssRules",
          "assetId": "Cv5byG579BNA",
          "checksum": "3e0fb4ffb75ea7c83b905025509cbf03"
        },
        {
          "type": "renderModule",
          "assetId": "UV4kMT6l6aof",
          "checksum": "d2513df56f2efb4e036a3f443133c90e"
        },
        {
          "type": "cssRules",
          "assetId": "UV4kMT6l6aof",
          "checksum": "d2513df56f2efb4e036a3f443133c90e"
        },
        {
          "type": "renderModule",
          "assetId": "GqL2vzWXD3Cj",
          "checksum": "1aedad0985343a1a5342537a0b3cb1fd"
        },
        {
          "type": "cssRules",
          "assetId": "GqL2vzWXD3Cj",
          "checksum": "1aedad0985343a1a5342537a0b3cb1fd"
        },
        {
          "type": "renderModule",
          "assetId": "YQCYqHksciRi",
          "checksum": "1110f657516c4e7c597d2d4a218da2dc"
        },
        {
          "type": "cssRules",
          "assetId": "YQCYqHksciRi",
          "checksum": "1110f657516c4e7c597d2d4a218da2dc"
        },
        {
          "type": "renderModule",
          "assetId": "YqfggvVEPrlZ",
          "checksum": "9d63911850239702161903e4835a4ed0"
        },
        {
          "type": "cssRules",
          "assetId": "YqfggvVEPrlZ",
          "checksum": "9d63911850239702161903e4835a4ed0"
        },
        {
          "type": "icon",
          "assetId": "563f33iyx-K3",
          "checksum": "b949f2069178c9be1e4fe8a751769ef0"
        },
        {
          "type": "icon",
          "assetId": "7sI0cnq4wbBn",
          "checksum": "e6c1d66e780cca86e65cfac30ffdb8a5"
        },
        {
          "type": "icon",
          "assetId": "Gt-Om31jmSgY",
          "checksum": "f1e4ec707d8ec4a17185ac2760d543b4"
        },
        {
          "type": "icon",
          "assetId": "ocWK98w5rylW",
          "checksum": "e205da88e85e43e442a8de921c09860a"
        },
        {
          "type": "icon",
          "assetId": "lfNpQwhPDcAO",
          "checksum": "9ce6c1643952bc92c481c2f3afdbcb8f"
        },
        {
          "type": "icon",
          "assetId": "-gCe478l2yET",
          "checksum": "f4ee5097661063d7f26162e695bcb945"
        },
        {
          "type": "icon",
          "assetId": "WfScRloHmcMF",
          "checksum": "484228fa817e253ba472b2f118c8d8a4"
        },
        {
          "type": "icon",
          "assetId": "AnQpkzatPsk_",
          "checksum": "35be32e09851e0bf69167d2ccbbc332c"
        },
        {
          "type": "icon",
          "assetId": "nEIP81smXuD5",
          "checksum": "d5639540c493342a4be67d215abac4b4"
        },
        {
          "type": "icon",
          "assetId": "HEPvTyIN4GhK",
          "checksum": "18a973afdd8dec3c9e7e167c03632509"
        },
        {
          "type": "icon",
          "assetId": "PF-uMZ6SyAuZ",
          "checksum": "e13a05ef22028cee763eef2ee9b3b87d"
        },
        {
          "type": "icon",
          "assetId": "m0JpArLEckQM",
          "checksum": "289dc7fcdf31e83fc784b6f994097bb1"
        },
        {
          "type": "icon",
          "assetId": "Fr9w_t3vff8j",
          "checksum": "1a20a8941d775c1df2d9d13752871b91"
        },
        {
          "type": "icon",
          "assetId": "NGD2lMyxrrwg",
          "checksum": "cdbd1165ccd098fbb2e470c86fbdde5c"
        },
        {
          "type": "icon",
          "assetId": "kTg_jwhAEaPE",
          "checksum": "f2083b69197c2e08a1436f9afe8b506e"
        },
        {
          "type": "icon",
          "assetId": "4RsPkYPQwpxx",
          "checksum": "d75ac7af8173f55e51610192f2e5aec0"
        },
        {
          "type": "icon",
          "assetId": "UuVEZFb1G5o0",
          "checksum": "68f96bcd9dab728bcde339cccfbdf9b5"
        },
        {
          "type": "icon",
          "assetId": "oUDFXeC9bRSg",
          "checksum": "343c6b68b1ed49713502ec1578ae1a3d"
        },
        {
          "type": "image",
          "assetId": "6830Jh7oD-li",
          "checksum": "7958d2c0655149e1707a91436bcff105"
        },
        {
          "type": "image",
          "assetId": "Hlua2clScK4g",
          "checksum": "b9414d0f39e902fc42a2328bb0488408"
        },
        {
          "type": "image",
          "assetId": "8BNEA8mPvZw9",
          "checksum": "f4be58fa03c09d49b22541cc0c6d0ba6"
        },
        {
          "type": "image",
          "assetId": "p8SSxDF38JH9",
          "checksum": "68132a46b294795ccc151a86f071def2"
        },
        {
          "type": "image",
          "assetId": "mWCilvlnWu39",
          "checksum": "a36f4453bd44b978b6e6f6a6eeb0d8de"
        },
        {
          "type": "image",
          "assetId": "zH7EIkKXk2Un",
          "checksum": "0ab7af39c4823974309c112f9d49a1d9"
        },
        {
          "type": "image",
          "assetId": "eyRMn6hhGeyT",
          "checksum": "1ebca454930fb67bda95bfbcc652674d"
        },
        {
          "type": "image",
          "assetId": "NQhZMcFkAB8q",
          "checksum": "3929aa9deabbb490950bc29bfe8e4627"
        },
        {
          "type": "image",
          "assetId": "EpXMLRJBN5uK",
          "checksum": "f9fec1068dbebe52c9d24eee395c0e7e"
        },
        {
          "type": "image",
          "assetId": "tdmMSJaQ-nO7",
          "checksum": "bb453c65f5c9ac71b9252e19fdd1484e"
        },
        {
          "type": "image",
          "assetId": "ekuouoMMcHvq",
          "checksum": "5c455c9954eaa1ac4f975766e5e3a7a2"
        },
        {
          "type": "image",
          "assetId": "74ThDVhRIWdl",
          "checksum": "89b95b91ff8b64d7ca0c7920be0f5527"
        },
        {
          "type": "image",
          "assetId": "QcNhONil4B7S",
          "checksum": "813910f5c9d6dfcf06fd74e74e82aec1"
        },
        {
          "type": "image",
          "assetId": "SmyuUUb96mwS",
          "checksum": "674dcfcc6742531f10522bfc30a3e453"
        },
        {
          "type": "image",
          "assetId": "LWVRAiWJ61pg",
          "checksum": "79b71dc15549764c53a56e9a5dd8a305"
        },
        {
          "type": "image",
          "assetId": "gPSn-Y2TjZzG",
          "checksum": "6068f328476140334b30c59a49b51ae8"
        },
        {
          "type": "image",
          "assetId": "gwjiPqFpCkIW",
          "checksum": "aac9abee1e024651c4e53a739628956d"
        },
        {
          "type": "image",
          "assetId": "giLzhnvgte9X",
          "checksum": "165a458f428c9c26ed79af8002cb6445"
        },
        {
          "type": "image",
          "assetId": "GMGv7e83I2QM",
          "checksum": "1f8817931f6c22e7ad95e923f5b65074"
        },
        {
          "type": "image",
          "assetId": "qDIO-AGWPcYJ",
          "checksum": "20cc8bf89baa107caeb44d409858135d"
        },
        {
          "type": "image",
          "assetId": "rI4BBnjx4wm-",
          "checksum": "4a1488a383ff670c6a9894a9beb67104"
        },
        {
          "type": "image",
          "assetId": "_vtOR5wNQhmo",
          "checksum": "e81db5d0db7fd77db9713509b5c33db3"
        },
        {
          "type": "image",
          "assetId": "H07D3eTR1cJe",
          "checksum": "e966ac00ecb6989f46dd4130eda1c182"
        },
        {
          "type": "image",
          "assetId": "b85tHdqCfRnY",
          "checksum": "0dfd7ebba979d88aea01f67135ef6e9d"
        },
        {
          "type": "image",
          "assetId": "t8FaHiRIC3Rz",
          "checksum": "16159701dd926ef96bde2597440c81e1"
        },
        {
          "type": "image",
          "assetId": "7ycLyqRSi7q8",
          "checksum": "dcd8dbf2d856cd5d8d0112285efaf82a"
        },
        {
          "type": "image",
          "assetId": "zmDrUFUrsNzN",
          "checksum": "aa1e7121c002f8a5c83b245e2dcb7302"
        },
        {
          "type": "image",
          "assetId": "0MJDSXWqWdvr",
          "checksum": "719ec974554f5ae67048f9dd367417ee"
        },
        {
          "type": "renderModule",
          "assetId": "trPESwWzhIQ",
          "checksum": "b39d2ea7e3b843161b34c237d6a04b08"
        },
        {
          "type": "cssRules",
          "assetId": "trPESwWzhIQ",
          "checksum": "b39d2ea7e3b843161b34c237d6a04b08"
        },
        {
          "type": "renderModule",
          "assetId": "RKAk0OF_rMnd",
          "checksum": "18b0255a649698c98c35fec0d7bd7c86"
        },
        {
          "type": "cssRules",
          "assetId": "RKAk0OF_rMnd",
          "checksum": "18b0255a649698c98c35fec0d7bd7c86"
        },
        {
          "type": "renderModule",
          "assetId": "VTuWDQvMkgqx",
          "checksum": "1e62492a69de2eec03b33163e0a2f2f7"
        },
        {
          "type": "cssRules",
          "assetId": "VTuWDQvMkgqx",
          "checksum": "1e62492a69de2eec03b33163e0a2f2f7"
        },
        {
          "type": "renderModule",
          "assetId": "8jCy7A4X6uDj",
          "checksum": "067e19e99c52bf21a52574a25ea28468"
        },
        {
          "type": "cssRules",
          "assetId": "8jCy7A4X6uDj",
          "checksum": "067e19e99c52bf21a52574a25ea28468"
        },
        {
          "type": "icon",
          "assetId": "nNZZDS7yKXwA",
          "checksum": "5954da644b93559fa2fd4ee81441374b"
        },
        {
          "type": "icon",
          "assetId": "ly9-Wi6vrAdN",
          "checksum": "2335621ad6157a5ab24de54b8329f4b2"
        },
        {
          "type": "icon",
          "assetId": "z50QuSIkoBcH",
          "checksum": "abd25286ae34e13e146e878a8776bf29"
        },
        {
          "type": "icon",
          "assetId": "g1f9Vb9J7OUg",
          "checksum": "ebd6568a1953239a5f1ca11f3ac97a83"
        },
        {
          "type": "icon",
          "assetId": "tiSrLvaE3iUn",
          "checksum": "ac7aa3b71474ad707b208c55471cdd8a"
        },
        {
          "type": "icon",
          "assetId": "BPlNUGzXlC5h",
          "checksum": "aba48d14651f3cf051e7dcf07b8efb3f"
        },
        {
          "type": "icon",
          "assetId": "Xnpl5FcrkiFg",
          "checksum": "2d3159f52adf0969c76afa54e1c29ad3"
        },
        {
          "type": "icon",
          "assetId": "bZ2badIKOcLx",
          "checksum": "b745c1fe3f466b512e5e95e0570a0b87"
        },
        {
          "type": "icon",
          "assetId": "H6Xnyi942ZBg",
          "checksum": "e0c928bd9ff4cc8f2b36e059678775f6"
        },
        {
          "type": "icon",
          "assetId": "RNaKymE6oOG3",
          "checksum": "a9318b4ef25a2c93bfbb311e94962596"
        },
        {
          "type": "icon",
          "assetId": "KxIa2UdtLPfD",
          "checksum": "d450adcc35a7485cc3da01edcda1ed00"
        },
        {
          "type": "icon",
          "assetId": "Fd8cB2msNs-X",
          "checksum": "099093aecb4850bdeec4e0c9dec4dce4"
        },
        {
          "type": "image",
          "assetId": "YPyrSynECf22",
          "checksum": "99ee4540c6d316a05b0e593abd9f4a32"
        },
        {
          "type": "image",
          "assetId": "D7BYNsLLO0bx",
          "checksum": "2900b9e54c862c58c0274f1190b204ef"
        },
        {
          "assetId": "e2Wrjg6Dz94BkfogsCYoEo",
          "type": "projectCss",
          "checksum": "cfad6f0d17b8b09dff3f70535a0feb1d"
        }
      ],
      "codegenVersion": "0.0.1"
    },
    {
      "projectId": "r3ASNrnyvLLLAtDvzUioQ",
      "version": "4.3.0",
      "dependencies": {},
      "lang": "ts",
      "fileLocks": [
        {
          "assetId": "r3ASNrnyvLLLAtDvzUioQ",
          "type": "projectCss",
          "checksum": "e1ec850476829c38b0f9b6d4f7ac446a"
        }
      ],
      "codegenVersion": "0.0.1"
    }
  ],
  "cliVersion": "0.1.327"
}
